
Microsoft Visual Studio Solution File, Format Version 12.00
# Visual Studio 15
VisualStudioVersion = 15.0.26730.12
MinimumVisualStudioVersion = 10.0.40219.1
Project("{9A19103F-16F7-4668-BE54-9A1E7A4F7556}") = "Boardz.Id", "Boardz.Id.csproj", "{B49DE228-3A2F-4976-9496-146CAD2DF775}"
EndProject
Project("{2150E333-8FDC-42A3-9474-1A3956D46DE8}") = "docker", "docker", "{4524432A-E380-4F3A-8C7B-89B4743DA31A}"
	ProjectSection(SolutionItems) = preProject
		..\docker.env = ..\docker.env
		..\docker.env.template = ..\docker.env.template
		..\Dockerfile = ..\Dockerfile
	EndProjectSection
EndProject
Global
	GlobalSection(SolutionConfigurationPlatforms) = preSolution
		Debug|Any CPU = Debug|Any CPU
		Release|Any CPU = Release|Any CPU
	EndGlobalSection
	GlobalSection(ProjectConfigurationPlatforms) = postSolution
		{B49DE228-3A2F-4976-9496-146CAD2DF775}.Debug|Any CPU.ActiveCfg = Debug|Any CPU
		{B49DE228-3A2F-4976-9496-146CAD2DF775}.Debug|Any CPU.Build.0 = Debug|Any CPU
		{B49DE228-3A2F-4976-9496-146CAD2DF775}.Release|Any CPU.ActiveCfg = Release|Any CPU
		{B49DE228-3A2F-4976-9496-146CAD2DF775}.Release|Any CPU.Build.0 = Release|Any CPU
	EndGlobalSection
	GlobalSection(SolutionProperties) = preSolution
		HideSolutionNode = FALSE
	EndGlobalSection
	GlobalSection(ExtensibilityGlobals) = postSolution
		SolutionGuid = {CA9F1DE4-2EE3-4C57-B98F-644F6BAC2CE1}
	EndGlobalSection
EndGlobal
